
Microsoft Visual Studio Solution File, Format Version 12.00
# Visual Studio Version 17
VisualStudioVersion = 17.1.32228.430
MinimumVisualStudioVersion = 10.0.40219.1
Project("{FAE04EC0-301F-11D3-BF4B-00C04F79EFBC}") = "q18", "q18\q18.csproj", "{1BDFF94A-1BEE-4897-A1FD-511B4A147967}"
EndProject
Global
	GlobalSection(SolutionConfigurationPlatforms) = preSolution
		Debug|Any CPU = Debug|Any CPU
		Release|Any CPU = Release|Any CPU
	EndGlobalSection
	GlobalSection(ProjectConfigurationPlatforms) = postSolution
		{1BDFF94A-1BEE-4897-A1FD-511B4A147967}.Debug|Any CPU.ActiveCfg = Debug|Any CPU
		{1BDFF94A-1BEE-4897-A1FD-511B4A147967}.Debug|Any CPU.Build.0 = Debug|Any CPU
		{1BDFF94A-1BEE-4897-A1FD-511B4A147967}.Release|Any CPU.ActiveCfg = Release|Any CPU
		{1BDFF94A-1BEE-4897-A1FD-511B4A147967}.Release|Any CPU.Build.0 = Release|Any CPU
	EndGlobalSection
	GlobalSection(SolutionProperties) = preSolution
		HideSolutionNode = FALSE
	EndGlobalSection
	GlobalSection(ExtensibilityGlobals) = postSolution
		SolutionGuid = {D08C9968-AF05-4B14-8EFB-2CA1503DDB50}
	EndGlobalSection
EndGlobal
