
Microsoft Visual Studio Solution File, Format Version 12.00
# Visual Studio Version 17
VisualStudioVersion = 17.1.32228.430
MinimumVisualStudioVersion = 10.0.40219.1
Project("{FAE04EC0-301F-11D3-BF4B-00C04F79EFBC}") = "q7", "q7\q7.csproj", "{DEE6D3A9-4603-4716-B065-B8863B8D6114}"
EndProject
Global
	GlobalSection(SolutionConfigurationPlatforms) = preSolution
		Debug|Any CPU = Debug|Any CPU
		Release|Any CPU = Release|Any CPU
	EndGlobalSection
	GlobalSection(ProjectConfigurationPlatforms) = postSolution
		{DEE6D3A9-4603-4716-B065-B8863B8D6114}.Debug|Any CPU.ActiveCfg = Debug|Any CPU
		{DEE6D3A9-4603-4716-B065-B8863B8D6114}.Debug|Any CPU.Build.0 = Debug|Any CPU
		{DEE6D3A9-4603-4716-B065-B8863B8D6114}.Release|Any CPU.ActiveCfg = Release|Any CPU
		{DEE6D3A9-4603-4716-B065-B8863B8D6114}.Release|Any CPU.Build.0 = Release|Any CPU
	EndGlobalSection
	GlobalSection(SolutionProperties) = preSolution
		HideSolutionNode = FALSE
	EndGlobalSection
	GlobalSection(ExtensibilityGlobals) = postSolution
		SolutionGuid = {A0D72FF5-B1E2-4DB2-8EAC-9CE804905D10}
	EndGlobalSection
EndGlobal
