
Microsoft Visual Studio Solution File, Format Version 12.00
# Visual Studio Version 17
VisualStudioVersion = 17.1.32228.430
MinimumVisualStudioVersion = 10.0.40219.1
Project("{FAE04EC0-301F-11D3-BF4B-00C04F79EFBC}") = "q5", "q5\q5.csproj", "{F027DC5A-9956-4DB0-A3E4-1896D001CC5C}"
EndProject
Global
	GlobalSection(SolutionConfigurationPlatforms) = preSolution
		Debug|Any CPU = Debug|Any CPU
		Release|Any CPU = Release|Any CPU
	EndGlobalSection
	GlobalSection(ProjectConfigurationPlatforms) = postSolution
		{F027DC5A-9956-4DB0-A3E4-1896D001CC5C}.Debug|Any CPU.ActiveCfg = Debug|Any CPU
		{F027DC5A-9956-4DB0-A3E4-1896D001CC5C}.Debug|Any CPU.Build.0 = Debug|Any CPU
		{F027DC5A-9956-4DB0-A3E4-1896D001CC5C}.Release|Any CPU.ActiveCfg = Release|Any CPU
		{F027DC5A-9956-4DB0-A3E4-1896D001CC5C}.Release|Any CPU.Build.0 = Release|Any CPU
	EndGlobalSection
	GlobalSection(SolutionProperties) = preSolution
		HideSolutionNode = FALSE
	EndGlobalSection
	GlobalSection(ExtensibilityGlobals) = postSolution
		SolutionGuid = {EFB406C8-610E-41A1-8ABA-20BE94319063}
	EndGlobalSection
EndGlobal
