
Microsoft Visual Studio Solution File, Format Version 12.00
# Visual Studio Version 17
VisualStudioVersion = 17.1.32228.430
MinimumVisualStudioVersion = 10.0.40219.1
Project("{FAE04EC0-301F-11D3-BF4B-00C04F79EFBC}") = "q4", "q4\q4.csproj", "{61D5BA9C-76C4-4C25-8923-AA39FFA52D88}"
EndProject
Global
	GlobalSection(SolutionConfigurationPlatforms) = preSolution
		Debug|Any CPU = Debug|Any CPU
		Release|Any CPU = Release|Any CPU
	EndGlobalSection
	GlobalSection(ProjectConfigurationPlatforms) = postSolution
		{61D5BA9C-76C4-4C25-8923-AA39FFA52D88}.Debug|Any CPU.ActiveCfg = Debug|Any CPU
		{61D5BA9C-76C4-4C25-8923-AA39FFA52D88}.Debug|Any CPU.Build.0 = Debug|Any CPU
		{61D5BA9C-76C4-4C25-8923-AA39FFA52D88}.Release|Any CPU.ActiveCfg = Release|Any CPU
		{61D5BA9C-76C4-4C25-8923-AA39FFA52D88}.Release|Any CPU.Build.0 = Release|Any CPU
	EndGlobalSection
	GlobalSection(SolutionProperties) = preSolution
		HideSolutionNode = FALSE
	EndGlobalSection
	GlobalSection(ExtensibilityGlobals) = postSolution
		SolutionGuid = {6CEDBAF8-D684-46D7-81B7-9F8A0D4C65BF}
	EndGlobalSection
EndGlobal
